// !$*UTF8*$!
{
	archiveVersion = 1;
	classes = {
	};
	objectVersion = 56;
	objects = {

/* Begin PBXBuildFile section */
		4896B8B12C9C5872007AA11A /* SupaAPI.swift in Sources */ = {isa = PBXBuildFile; fileRef = 4896B8B02C9C5872007AA11A /* SupaAPI.swift */; };
		489A8CD52C78CA3F00FA79FD /* PenakApp.swift in Sources */ = {isa = PBXBuildFile; fileRef = 489A8CD42C78CA3F00FA79FD /* PenakApp.swift */; };
		489A8CD72C78CA3F00FA79FD /* ContentView.swift in Sources */ = {isa = PBXBuildFile; fileRef = 489A8CD62C78CA3F00FA79FD /* ContentView.swift */; };
		489A8CD92C78CA3F00FA79FD /* Item.swift in Sources */ = {isa = PBXBuildFile; fileRef = 489A8CD82C78CA3F00FA79FD /* Item.swift */; };
		489A8CDB2C78CA4300FA79FD /* Assets.xcassets in Resources */ = {isa = PBXBuildFile; fileRef = 489A8CDA2C78CA4300FA79FD /* Assets.xcassets */; };
		489A8CDE2C78CA4300FA79FD /* Preview Assets.xcassets in Resources */ = {isa = PBXBuildFile; fileRef = 489A8CDD2C78CA4300FA79FD /* Preview Assets.xcassets */; };
		489A8CF12C78CC9E00FA79FD /* SupaService.swift in Sources */ = {isa = PBXBuildFile; fileRef = 489A8CF02C78CC9E00FA79FD /* SupaService.swift */; };
		489A8CF42C78CDD900FA79FD /* Auth in Frameworks */ = {isa = PBXBuildFile; productRef = 489A8CF32C78CDD900FA79FD /* Auth */; };
		489A8CF62C78CDD900FA79FD /* Functions in Frameworks */ = {isa = PBXBuildFile; productRef = 489A8CF52C78CDD900FA79FD /* Functions */; };
		489A8CF82C78CDD900FA79FD /* PostgREST in Frameworks */ = {isa = PBXBuildFile; productRef = 489A8CF72C78CDD900FA79FD /* PostgREST */; };
		489A8CFA2C78CDD900FA79FD /* Realtime in Frameworks */ = {isa = PBXBuildFile; productRef = 489A8CF92C78CDD900FA79FD /* Realtime */; };
		489A8CFC2C78CDD900FA79FD /* Storage in Frameworks */ = {isa = PBXBuildFile; productRef = 489A8CFB2C78CDD900FA79FD /* Storage */; };
		489A8CFE2C78CDD900FA79FD /* Supabase in Frameworks */ = {isa = PBXBuildFile; productRef = 489A8CFD2C78CDD900FA79FD /* Supabase */; };
		489A8D002C78CF9600FA79FD /* SupaModels.swift in Sources */ = {isa = PBXBuildFile; fileRef = 489A8CFF2C78CF9600FA79FD /* SupaModels.swift */; };
/* End PBXBuildFile section */

/* Begin PBXFileReference section */
		4896B8B02C9C5872007AA11A /* SupaAPI.swift */ = {isa = PBXFileReference; lastKnownFileType = sourcecode.swift; path = SupaAPI.swift; sourceTree = "<group>"; };
		489A8CD12C78CA3F00FA79FD /* Peñak.app */ = {isa = PBXFileReference; explicitFileType = wrapper.application; includeInIndex = 0; path = "Peñak.app"; sourceTree = BUILT_PRODUCTS_DIR; };
		489A8CD42C78CA3F00FA79FD /* PenakApp.swift */ = {isa = PBXFileReference; lastKnownFileType = sourcecode.swift; path = PenakApp.swift; sourceTree = "<group>"; };
		489A8CD62C78CA3F00FA79FD /* ContentView.swift */ = {isa = PBXFileReference; lastKnownFileType = sourcecode.swift; path = ContentView.swift; sourceTree = "<group>"; };
		489A8CD82C78CA3F00FA79FD /* Item.swift */ = {isa = PBXFileReference; lastKnownFileType = sourcecode.swift; path = Item.swift; sourceTree = "<group>"; };
		489A8CDA2C78CA4300FA79FD /* Assets.xcassets */ = {isa = PBXFileReference; lastKnownFileType = folder.assetcatalog; path = Assets.xcassets; sourceTree = "<group>"; };
		489A8CDD2C78CA4300FA79FD /* Preview Assets.xcassets */ = {isa = PBXFileReference; lastKnownFileType = folder.assetcatalog; path = "Preview Assets.xcassets"; sourceTree = "<group>"; };
		489A8CF02C78CC9E00FA79FD /* SupaService.swift */ = {isa = PBXFileReference; lastKnownFileType = sourcecode.swift; path = SupaService.swift; sourceTree = "<group>"; };
		489A8CFF2C78CF9600FA79FD /* SupaModels.swift */ = {isa = PBXFileReference; lastKnownFileType = sourcecode.swift; path = SupaModels.swift; sourceTree = "<group>"; };
/* End PBXFileReference section */

/* Begin PBXFrameworksBuildPhase section */
		489A8CCE2C78CA3F00FA79FD /* Frameworks */ = {
			isa = PBXFrameworksBuildPhase;
			buildActionMask = 2147483647;
			files = (
				489A8CF82C78CDD900FA79FD /* PostgREST in Frameworks */,
				489A8CF62C78CDD900FA79FD /* Functions in Frameworks */,
				489A8CFE2C78CDD900FA79FD /* Supabase in Frameworks */,
				489A8CF42C78CDD900FA79FD /* Auth in Frameworks */,
				489A8CFC2C78CDD900FA79FD /* Storage in Frameworks */,
				489A8CFA2C78CDD900FA79FD /* Realtime in Frameworks */,
			);
			runOnlyForDeploymentPostprocessing = 0;
		};
/* End PBXFrameworksBuildPhase section */

/* Begin PBXGroup section */
		489A8CC82C78CA3F00FA79FD = {
			isa = PBXGroup;
			children = (
				489A8CD32C78CA3F00FA79FD /* Peñak */,
				489A8CD22C78CA3F00FA79FD /* Products */,
			);
			sourceTree = "<group>";
		};
		489A8CD22C78CA3F00FA79FD /* Products */ = {
			isa = PBXGroup;
			children = (
				489A8CD12C78CA3F00FA79FD /* Peñak.app */,
			);
			name = Products;
			sourceTree = "<group>";
		};
		489A8CD32C78CA3F00FA79FD /* Peñak */ = {
			isa = PBXGroup;
			children = (
				489A8CEF2C78CC7600FA79FD /* API */,
				489A8CD42C78CA3F00FA79FD /* PenakApp.swift */,
				489A8CD62C78CA3F00FA79FD /* ContentView.swift */,
				489A8CD82C78CA3F00FA79FD /* Item.swift */,
				489A8CDA2C78CA4300FA79FD /* Assets.xcassets */,
				489A8CDC2C78CA4300FA79FD /* Preview Content */,
			);
			path = "Peñak";
			sourceTree = "<group>";
		};
		489A8CDC2C78CA4300FA79FD /* Preview Content */ = {
			isa = PBXGroup;
			children = (
				489A8CDD2C78CA4300FA79FD /* Preview Assets.xcassets */,
			);
			path = "Preview Content";
			sourceTree = "<group>";
		};
		489A8CEF2C78CC7600FA79FD /* API */ = {
			isa = PBXGroup;
			children = (
				4896B8B02C9C5872007AA11A /* SupaAPI.swift */,
				489A8CF02C78CC9E00FA79FD /* SupaService.swift */,
				489A8CFF2C78CF9600FA79FD /* SupaModels.swift */,
			);
			path = API;
			sourceTree = "<group>";
		};
/* End PBXGroup section */

/* Begin PBXNativeTarget section */
		489A8CD02C78CA3F00FA79FD /* Peñak */ = {
			isa = PBXNativeTarget;
			buildConfigurationList = 489A8CE12C78CA4300FA79FD /* Build configuration list for PBXNativeTarget "Peñak" */;
			buildPhases = (
				489A8CCD2C78CA3F00FA79FD /* Sources */,
				489A8CCE2C78CA3F00FA79FD /* Frameworks */,
				489A8CCF2C78CA3F00FA79FD /* Resources */,
			);
			buildRules = (
			);
			dependencies = (
			);
			name = "Peñak";
			packageProductDependencies = (
				489A8CF32C78CDD900FA79FD /* Auth */,
				489A8CF52C78CDD900FA79FD /* Functions */,
				489A8CF72C78CDD900FA79FD /* PostgREST */,
				489A8CF92C78CDD900FA79FD /* Realtime */,
				489A8CFB2C78CDD900FA79FD /* Storage */,
				489A8CFD2C78CDD900FA79FD /* Supabase */,
			);
			productName = "Peñak";
			productReference = 489A8CD12C78CA3F00FA79FD /* Peñak.app */;
			productType = "com.apple.product-type.application";
		};
/* End PBXNativeTarget section */

/* Begin PBXProject section */
		489A8CC92C78CA3F00FA79FD /* Project object */ = {
			isa = PBXProject;
			attributes = {
				BuildIndependentTargetsInParallel = 1;
				LastSwiftUpdateCheck = 1520;
				LastUpgradeCheck = 1520;
				TargetAttributes = {
					489A8CD02C78CA3F00FA79FD = {
						CreatedOnToolsVersion = 15.2;
					};
				};
			};
			buildConfigurationList = 489A8CCC2C78CA3F00FA79FD /* Build configuration list for PBXProject "Peñak" */;
			compatibilityVersion = "Xcode 14.0";
			developmentRegion = en;
			hasScannedForEncodings = 0;
			knownRegions = (
				en,
				Base,
			);
			mainGroup = 489A8CC82C78CA3F00FA79FD;
			packageReferences = (
				489A8CF22C78CDD900FA79FD /* XCRemoteSwiftPackageReference "supabase-swift" */,
			);
			productRefGroup = 489A8CD22C78CA3F00FA79FD /* Products */;
			projectDirPath = "";
			projectRoot = "";
			targets = (
				489A8CD02C78CA3F00FA79FD /* Peñak */,
			);
		};
/* End PBXProject section */

/* Begin PBXResourcesBuildPhase section */
		489A8CCF2C78CA3F00FA79FD /* Resources */ = {
			isa = PBXResourcesBuildPhase;
			buildActionMask = 2147483647;
			files = (
				489A8CDE2C78CA4300FA79FD /* Preview Assets.xcassets in Resources */,
				489A8CDB2C78CA4300FA79FD /* Assets.xcassets in Resources */,
			);
			runOnlyForDeploymentPostprocessing = 0;
		};
/* End PBXResourcesBuildPhase section */

/* Begin PBXSourcesBuildPhase section */
		489A8CCD2C78CA3F00FA79FD /* Sources */ = {
			isa = PBXSourcesBuildPhase;
			buildActionMask = 2147483647;
			files = (
				489A8CD72C78CA3F00FA79FD /* ContentView.swift in Sources */,
				489A8CD92C78CA3F00FA79FD /* Item.swift in Sources */,
				489A8CD52C78CA3F00FA79FD /* PenakApp.swift in Sources */,
				489A8D002C78CF9600FA79FD /* SupaModels.swift in Sources */,
				489A8CF12C78CC9E00FA79FD /* SupaService.swift in Sources */,
				4896B8B12C9C5872007AA11A /* SupaAPI.swift in Sources */,
			);
			runOnlyForDeploymentPostprocessing = 0;
		};
/* End PBXSourcesBuildPhase section */

/* Begin XCBuildConfiguration section */
		489A8CDF2C78CA4300FA79FD /* Debug */ = {
			isa = XCBuildConfiguration;
			buildSettings = {
				ALWAYS_SEARCH_USER_PATHS = NO;
				ASSETCATALOG_COMPILER_GENERATE_SWIFT_ASSET_SYMBOL_EXTENSIONS = YES;
				CLANG_ANALYZER_NONNULL = YES;
				CLANG_ANALYZER_NUMBER_OBJECT_CONVERSION = YES_AGGRESSIVE;
				CLANG_CXX_LANGUAGE_STANDARD = "gnu++20";
				CLANG_ENABLE_MODULES = YES;
				CLANG_ENABLE_OBJC_ARC = YES;
				CLANG_ENABLE_OBJC_WEAK = YES;
				CLANG_WARN_BLOCK_CAPTURE_AUTORELEASING = YES;
				CLANG_WARN_BOOL_CONVERSION = YES;
				CLANG_WARN_COMMA = YES;
				CLANG_WARN_CONSTANT_CONVERSION = YES;
				CLANG_WARN_DEPRECATED_OBJC_IMPLEMENTATIONS = YES;
				CLANG_WARN_DIRECT_OBJC_ISA_USAGE = YES_ERROR;
				CLANG_WARN_DOCUMENTATION_COMMENTS = YES;
				CLANG_WARN_EMPTY_BODY = YES;
				CLANG_WARN_ENUM_CONVERSION = YES;
				CLANG_WARN_INFINITE_RECURSION = YES;
				CLANG_WARN_INT_CONVERSION = YES;
				CLANG_WARN_NON_LITERAL_NULL_CONVERSION = YES;
				CLANG_WARN_OBJC_IMPLICIT_RETAIN_SELF = YES;
				CLANG_WARN_OBJC_LITERAL_CONVERSION = YES;
				CLANG_WARN_OBJC_ROOT_CLASS = YES_ERROR;
				CLANG_WARN_QUOTED_INCLUDE_IN_FRAMEWORK_HEADER = YES;
				CLANG_WARN_RANGE_LOOP_ANALYSIS = YES;
				CLANG_WARN_STRICT_PROTOTYPES = YES;
				CLANG_WARN_SUSPICIOUS_MOVE = YES;
				CLANG_WARN_UNGUARDED_AVAILABILITY = YES_AGGRESSIVE;
				CLANG_WARN_UNREACHABLE_CODE = YES;
				CLANG_WARN__DUPLICATE_METHOD_MATCH = YES;
				COPY_PHASE_STRIP = NO;
				DEBUG_INFORMATION_FORMAT = dwarf;
				ENABLE_STRICT_OBJC_MSGSEND = YES;
				ENABLE_TESTABILITY = YES;
				ENABLE_USER_SCRIPT_SANDBOXING = YES;
				GCC_C_LANGUAGE_STANDARD = gnu17;
				GCC_DYNAMIC_NO_PIC = NO;
				GCC_NO_COMMON_BLOCKS = YES;
				GCC_OPTIMIZATION_LEVEL = 0;
				GCC_PREPROCESSOR_DEFINITIONS = (
					"DEBUG=1",
					"$(inherited)",
				);
				GCC_WARN_64_TO_32_BIT_CONVERSION = YES;
				GCC_WARN_ABOUT_RETURN_TYPE = YES_ERROR;
				GCC_WARN_UNDECLARED_SELECTOR = YES;
				GCC_WARN_UNINITIALIZED_AUTOS = YES_AGGRESSIVE;
				GCC_WARN_UNUSED_FUNCTION = YES;
				GCC_WARN_UNUSED_VARIABLE = YES;
				IPHONEOS_DEPLOYMENT_TARGET = 17.0;
				LOCALIZATION_PREFERS_STRING_CATALOGS = YES;
				MTL_ENABLE_DEBUG_INFO = INCLUDE_SOURCE;
				MTL_FAST_MATH = YES;
				ONLY_ACTIVE_ARCH = YES;
				SDKROOT = iphoneos;
				SWIFT_ACTIVE_COMPILATION_CONDITIONS = "DEBUG $(inherited)";
				SWIFT_OPTIMIZATION_LEVEL = "-Onone";
			};
			name = Debug;
		};
		489A8CE02C78CA4300FA79FD /* Release */ = {
			isa = XCBuildConfiguration;
			buildSettings = {
				ALWAYS_SEARCH_USER_PATHS = NO;
				ASSETCATALOG_COMPILER_GENERATE_SWIFT_ASSET_SYMBOL_EXTENSIONS = YES;
				CLANG_ANALYZER_NONNULL = YES;
				CLANG_ANALYZER_NUMBER_OBJECT_CONVERSION = YES_AGGRESSIVE;
				CLANG_CXX_LANGUAGE_STANDARD = "gnu++20";
				CLANG_ENABLE_MODULES = YES;
				CLANG_ENABLE_OBJC_ARC = YES;
				CLANG_ENABLE_OBJC_WEAK = YES;
				CLANG_WARN_BLOCK_CAPTURE_AUTORELEASING = YES;
				CLANG_WARN_BOOL_CONVERSION = YES;
				CLANG_WARN_COMMA = YES;
				CLANG_WARN_CONSTANT_CONVERSION = YES;
				CLANG_WARN_DEPRECATED_OBJC_IMPLEMENTATIONS = YES;
				CLANG_WARN_DIRECT_OBJC_ISA_USAGE = YES_ERROR;
				CLANG_WARN_DOCUMENTATION_COMMENTS = YES;
				CLANG_WARN_EMPTY_BODY = YES;
				CLANG_WARN_ENUM_CONVERSION = YES;
				CLANG_WARN_INFINITE_RECURSION = YES;
				CLANG_WARN_INT_CONVERSION = YES;
				CLANG_WARN_NON_LITERAL_NULL_CONVERSION = YES;
				CLANG_WARN_OBJC_IMPLICIT_RETAIN_SELF = YES;
				CLANG_WARN_OBJC_LITERAL_CONVERSION = YES;
				CLANG_WARN_OBJC_ROOT_CLASS = YES_ERROR;
				CLANG_WARN_QUOTED_INCLUDE_IN_FRAMEWORK_HEADER = YES;
				CLANG_WARN_RANGE_LOOP_ANALYSIS = YES;
				CLANG_WARN_STRICT_PROTOTYPES = YES;
				CLANG_WARN_SUSPICIOUS_MOVE = YES;
				CLANG_WARN_UNGUARDED_AVAILABILITY = YES_AGGRESSIVE;
				CLANG_WARN_UNREACHABLE_CODE = YES;
				CLANG_WARN__DUPLICATE_METHOD_MATCH = YES;
				COPY_PHASE_STRIP = NO;
				DEBUG_INFORMATION_FORMAT = "dwarf-with-dsym";
				ENABLE_NS_ASSERTIONS = NO;
				ENABLE_STRICT_OBJC_MSGSEND = YES;
				ENABLE_USER_SCRIPT_SANDBOXING = YES;
				GCC_C_LANGUAGE_STANDARD = gnu17;
				GCC_NO_COMMON_BLOCKS = YES;
				GCC_WARN_64_TO_32_BIT_CONVERSION = YES;
				GCC_WARN_ABOUT_RETURN_TYPE = YES_ERROR;
				GCC_WARN_UNDECLARED_SELECTOR = YES;
				GCC_WARN_UNINITIALIZED_AUTOS = YES_AGGRESSIVE;
				GCC_WARN_UNUSED_FUNCTION = YES;
				GCC_WARN_UNUSED_VARIABLE = YES;
				IPHONEOS_DEPLOYMENT_TARGET = 17.0;
				LOCALIZATION_PREFERS_STRING_CATALOGS = YES;
				MTL_ENABLE_DEBUG_INFO = NO;
				MTL_FAST_MATH = YES;
				SDKROOT = iphoneos;
				SWIFT_COMPILATION_MODE = wholemodule;
				VALIDATE_PRODUCT = YES;
			};
			name = Release;
		};
		489A8CE22C78CA4300FA79FD /* Debug */ = {
			isa = XCBuildConfiguration;
			buildSettings = {
				ASSETCATALOG_COMPILER_APPICON_NAME = AppIcon;
				ASSETCATALOG_COMPILER_GLOBAL_ACCENT_COLOR_NAME = AccentColor;
				CODE_SIGN_STYLE = Automatic;
				CURRENT_PROJECT_VERSION = 1;
				DEVELOPMENT_ASSET_PATHS = "\"Peñak/Preview Content\"";
				DEVELOPMENT_TEAM = 5ZVRCNG294;
				ENABLE_PREVIEWS = YES;
				GENERATE_INFOPLIST_FILE = YES;
				INFOPLIST_KEY_UIApplicationSceneManifest_Generation = YES;
				INFOPLIST_KEY_UIApplicationSupportsIndirectInputEvents = YES;
				INFOPLIST_KEY_UILaunchScreen_Generation = YES;
				INFOPLIST_KEY_UISupportedInterfaceOrientations = UIInterfaceOrientationPortrait;
				IPHONEOS_DEPLOYMENT_TARGET = 17.0;
				LD_RUNPATH_SEARCH_PATHS = (
					"$(inherited)",
					"@executable_path/Frameworks",
				);
				MARKETING_VERSION = 1.0;
				PRODUCT_BUNDLE_IDENTIFIER = com.drikabrak.penak;
				PRODUCT_NAME = "$(TARGET_NAME)";
				SWIFT_EMIT_LOC_STRINGS = YES;
				SWIFT_VERSION = 5.0;
				TARGETED_DEVICE_FAMILY = "1,2";
			};
			name = Debug;
		};
		489A8CE32C78CA4300FA79FD /* Release */ = {
			isa = XCBuildConfiguration;
			buildSettings = {
				ASSETCATALOG_COMPILER_APPICON_NAME = AppIcon;
				ASSETCATALOG_COMPILER_GLOBAL_ACCENT_COLOR_NAME = AccentColor;
				CODE_SIGN_STYLE = Automatic;
				CURRENT_PROJECT_VERSION = 1;
				DEVELOPMENT_ASSET_PATHS = "\"Peñak/Preview Content\"";
				DEVELOPMENT_TEAM = 5ZVRCNG294;
				ENABLE_PREVIEWS = YES;
				GENERATE_INFOPLIST_FILE = YES;
				INFOPLIST_KEY_UIApplicationSceneManifest_Generation = YES;
				INFOPLIST_KEY_UIApplicationSupportsIndirectInputEvents = YES;
				INFOPLIST_KEY_UILaunchScreen_Generation = YES;
				INFOPLIST_KEY_UISupportedInterfaceOrientations = UIInterfaceOrientationPortrait;
				IPHONEOS_DEPLOYMENT_TARGET = 17.0;
				LD_RUNPATH_SEARCH_PATHS = (
					"$(inherited)",
					"@executable_path/Frameworks",
				);
				MARKETING_VERSION = 1.0;
				PRODUCT_BUNDLE_IDENTIFIER = com.drikabrak.penak;
				PRODUCT_NAME = "$(TARGET_NAME)";
				SWIFT_EMIT_LOC_STRINGS = YES;
				SWIFT_VERSION = 5.0;
				TARGETED_DEVICE_FAMILY = "1,2";
			};
			name = Release;
		};
/* End XCBuildConfiguration section */

/* Begin XCConfigurationList section */
		489A8CCC2C78CA3F00FA79FD /* Build configuration list for PBXProject "Peñak" */ = {
			isa = XCConfigurationList;
			buildConfigurations = (
				489A8CDF2C78CA4300FA79FD /* Debug */,
				489A8CE02C78CA4300FA79FD /* Release */,
			);
			defaultConfigurationIsVisible = 0;
			defaultConfigurationName = Release;
		};
		489A8CE12C78CA4300FA79FD /* Build configuration list for PBXNativeTarget "Peñak" */ = {
			isa = XCConfigurationList;
			buildConfigurations = (
				489A8CE22C78CA4300FA79FD /* Debug */,
				489A8CE32C78CA4300FA79FD /* Release */,
			);
			defaultConfigurationIsVisible = 0;
			defaultConfigurationName = Release;
		};
/* End XCConfigurationList section */

/* Begin XCRemoteSwiftPackageReference section */
		489A8CF22C78CDD900FA79FD /* XCRemoteSwiftPackageReference "supabase-swift" */ = {
			isa = XCRemoteSwiftPackageReference;
			repositoryURL = "https://github.com/supabase/supabase-swift";
			requirement = {
				kind = upToNextMajorVersion;
				minimumVersion = 2.5.1;
			};
		};
/* End XCRemoteSwiftPackageReference section */

/* Begin XCSwiftPackageProductDependency section */
		489A8CF32C78CDD900FA79FD /* Auth */ = {
			isa = XCSwiftPackageProductDependency;
			package = 489A8CF22C78CDD900FA79FD /* XCRemoteSwiftPackageReference "supabase-swift" */;
			productName = Auth;
		};
		489A8CF52C78CDD900FA79FD /* Functions */ = {
			isa = XCSwiftPackageProductDependency;
			package = 489A8CF22C78CDD900FA79FD /* XCRemoteSwiftPackageReference "supabase-swift" */;
			productName = Functions;
		};
		489A8CF72C78CDD900FA79FD /* PostgREST */ = {
			isa = XCSwiftPackageProductDependency;
			package = 489A8CF22C78CDD900FA79FD /* XCRemoteSwiftPackageReference "supabase-swift" */;
			productName = PostgREST;
		};
		489A8CF92C78CDD900FA79FD /* Realtime */ = {
			isa = XCSwiftPackageProductDependency;
			package = 489A8CF22C78CDD900FA79FD /* XCRemoteSwiftPackageReference "supabase-swift" */;
			productName = Realtime;
		};
		489A8CFB2C78CDD900FA79FD /* Storage */ = {
			isa = XCSwiftPackageProductDependency;
			package = 489A8CF22C78CDD900FA79FD /* XCRemoteSwiftPackageReference "supabase-swift" */;
			productName = Storage;
		};
		489A8CFD2C78CDD900FA79FD /* Supabase */ = {
			isa = XCSwiftPackageProductDependency;
			package = 489A8CF22C78CDD900FA79FD /* XCRemoteSwiftPackageReference "supabase-swift" */;
			productName = Supabase;
		};
/* End XCSwiftPackageProductDependency section */
	};
	rootObject = 489A8CC92C78CA3F00FA79FD /* Project object */;
}
